
Microsoft Visual Studio Solution File, Format Version 12.00
# Visual Studio Version 17
VisualStudioVersion = 17.8.34309.116
MinimumVisualStudioVersion = 10.0.40219.1
Project("{9A19103F-16F7-4668-BE54-9A1E7A4F7556}") = "LearnSemanticKernel", "LearnSemanticKernel.csproj", "{4AA7BF07-211D-49F2-B098-32C55711EF9C}"
EndProject
Project("{FAE04EC0-301F-11D3-BF4B-00C04F79EFBC}") = "LearnSemanticKernel.Test", "..\LearnSemanticKernel.Test\LearnSemanticKernel.Test.csproj", "{F4D3A499-568D-4718-8CB6-91662C0AD881}"
EndProject
Global
	GlobalSection(SolutionConfigurationPlatforms) = preSolution
		Debug|Any CPU = Debug|Any CPU
		Release|Any CPU = Release|Any CPU
	EndGlobalSection
	GlobalSection(ProjectConfigurationPlatforms) = postSolution
		{4AA7BF07-211D-49F2-B098-32C55711EF9C}.Debug|Any CPU.ActiveCfg = Debug|Any CPU
		{4AA7BF07-211D-49F2-B098-32C55711EF9C}.Debug|Any CPU.Build.0 = Debug|Any CPU
		{4AA7BF07-211D-49F2-B098-32C55711EF9C}.Release|Any CPU.ActiveCfg = Release|Any CPU
		{4AA7BF07-211D-49F2-B098-32C55711EF9C}.Release|Any CPU.Build.0 = Release|Any CPU
		{F4D3A499-568D-4718-8CB6-91662C0AD881}.Debug|Any CPU.ActiveCfg = Debug|Any CPU
		{F4D3A499-568D-4718-8CB6-91662C0AD881}.Debug|Any CPU.Build.0 = Debug|Any CPU
		{F4D3A499-568D-4718-8CB6-91662C0AD881}.Release|Any CPU.ActiveCfg = Release|Any CPU
		{F4D3A499-568D-4718-8CB6-91662C0AD881}.Release|Any CPU.Build.0 = Release|Any CPU
	EndGlobalSection
	GlobalSection(SolutionProperties) = preSolution
		HideSolutionNode = FALSE
	EndGlobalSection
	GlobalSection(ExtensibilityGlobals) = postSolution
		SolutionGuid = {1C7A4640-4AEC-461A-8CFA-827460655F4E}
	EndGlobalSection
EndGlobal
